// !$*UTF8*$!
{
	archiveVersion = 1;
	classes = {
	};
	objectVersion = 46;
	objects = {

/* Begin PBXBuildFile section */
		274A6DED134B0C61001D5DFC /* Lohit_14-04-2007.ttf in Resources */ = {isa = PBXBuildFile; fileRef = 274A6DEC134B0C61001D5DFC /* Lohit_14-04-2007.ttf */; };
		2755E2EE1339E18C004F9CE9 /* BanglaPhoneticEngine.m in Sources */ = {isa = PBXBuildFile; fileRef = 2755E2ED1339E18C004F9CE9 /* BanglaPhoneticEngine.m */; };
		275CCAE613399448002072D5 /* Bangla_Language_Resources.plist in Resources */ = {isa = PBXBuildFile; fileRef = 275CCAE513399448002072D5 /* Bangla_Language_Resources.plist */; };
		27D82B2B133BF45100B0F905 /* License.rtf in Resources */ = {isa = PBXBuildFile; fileRef = 27D82B2A133BF45100B0F905 /* License.rtf */; };
		27FE2E20133979CD0095CCE5 /* Cocoa.framework in Frameworks */ = {isa = PBXBuildFile; fileRef = 27FE2E1F133979CD0095CCE5 /* Cocoa.framework */; };
		27FE2E2A133979CD0095CCE5 /* InfoPlist.strings in Resources */ = {isa = PBXBuildFile; fileRef = 27FE2E28133979CD0095CCE5 /* InfoPlist.strings */; };
		27FE2E2D133979CD0095CCE5 /* main.m in Sources */ = {isa = PBXBuildFile; fileRef = 27FE2E2C133979CD0095CCE5 /* main.m */; };
		27FE2E30133979CD0095CCE5 /* Credits.rtf in Resources */ = {isa = PBXBuildFile; fileRef = 27FE2E2E133979CD0095CCE5 /* Credits.rtf */; };
		27FE2E33133979CD0095CCE5 /* Bangla_onkurAppDelegate.m in Sources */ = {isa = PBXBuildFile; fileRef = 27FE2E32133979CD0095CCE5 /* Bangla_onkurAppDelegate.m */; };
		27FE2E36133979CD0095CCE5 /* MainMenu.xib in Resources */ = {isa = PBXBuildFile; fileRef = 27FE2E34133979CD0095CCE5 /* MainMenu.xib */; };
		27FE2E5413397B140095CCE5 /* Onkur.icns in Resources */ = {isa = PBXBuildFile; fileRef = 27FE2E5313397B140095CCE5 /* Onkur.icns */; };
		27FE2E62133980910095CCE5 /* OnkurController.m in Sources */ = {isa = PBXBuildFile; fileRef = 27FE2E5A133980910095CCE5 /* OnkurController.m */; };
		27FE2E63133980910095CCE5 /* RKBorderlessPanel.m in Sources */ = {isa = PBXBuildFile; fileRef = 27FE2E5C133980910095CCE5 /* RKBorderlessPanel.m */; };
		27FE2E64133980910095CCE5 /* RKCandidate.m in Sources */ = {isa = PBXBuildFile; fileRef = 27FE2E5E133980910095CCE5 /* RKCandidate.m */; };
		27FE2E65133980910095CCE5 /* RKCandidate.xib in Resources */ = {isa = PBXBuildFile; fileRef = 27FE2E5F133980910095CCE5 /* RKCandidate.xib */; };
		27FE2E681339840E0095CCE5 /* InputMethodKit.framework in Frameworks */ = {isa = PBXBuildFile; fileRef = 27FE2E671339840E0095CCE5 /* InputMethodKit.framework */; };
/* End PBXBuildFile section */

/* Begin PBXFileReference section */
		274A6DEC134B0C61001D5DFC /* Lohit_14-04-2007.ttf */ = {isa = PBXFileReference; lastKnownFileType = file; path = "Lohit_14-04-2007.ttf"; sourceTree = "<group>"; };
		2755E2EC1339E18C004F9CE9 /* BanglaPhoneticEngine.h */ = {isa = PBXFileReference; fileEncoding = 4; lastKnownFileType = sourcecode.c.h; path = BanglaPhoneticEngine.h; sourceTree = "<group>"; };
		2755E2ED1339E18C004F9CE9 /* BanglaPhoneticEngine.m */ = {isa = PBXFileReference; fileEncoding = 4; lastKnownFileType = sourcecode.c.objc; path = BanglaPhoneticEngine.m; sourceTree = "<group>"; };
		275CCAE513399448002072D5 /* Bangla_Language_Resources.plist */ = {isa = PBXFileReference; fileEncoding = 4; lastKnownFileType = text.plist.xml; path = Bangla_Language_Resources.plist; sourceTree = "<group>"; };
		27D82B2A133BF45100B0F905 /* License.rtf */ = {isa = PBXFileReference; fileEncoding = 4; lastKnownFileType = text.rtf; path = License.rtf; sourceTree = "<group>"; };
		27FE2E1B133979CD0095CCE5 /* Bangla-onkur.app */ = {isa = PBXFileReference; explicitFileType = wrapper.application; includeInIndex = 0; path = "Bangla-onkur.app"; sourceTree = BUILT_PRODUCTS_DIR; };
		27FE2E1F133979CD0095CCE5 /* Cocoa.framework */ = {isa = PBXFileReference; lastKnownFileType = wrapper.framework; name = Cocoa.framework; path = System/Library/Frameworks/Cocoa.framework; sourceTree = SDKROOT; };
		27FE2E22133979CD0095CCE5 /* AppKit.framework */ = {isa = PBXFileReference; lastKnownFileType = wrapper.framework; name = AppKit.framework; path = System/Library/Frameworks/AppKit.framework; sourceTree = SDKROOT; };
		27FE2E23133979CD0095CCE5 /* CoreData.framework */ = {isa = PBXFileReference; lastKnownFileType = wrapper.framework; name = CoreData.framework; path = System/Library/Frameworks/CoreData.framework; sourceTree = SDKROOT; };
		27FE2E24133979CD0095CCE5 /* Foundation.framework */ = {isa = PBXFileReference; lastKnownFileType = wrapper.framework; name = Foundation.framework; path = System/Library/Frameworks/Foundation.framework; sourceTree = SDKROOT; };
		27FE2E27133979CD0095CCE5 /* Bangla-onkur-Info.plist */ = {isa = PBXFileReference; lastKnownFileType = text.plist.xml; path = "Bangla-onkur-Info.plist"; sourceTree = "<group>"; };
		27FE2E29133979CD0095CCE5 /* en */ = {isa = PBXFileReference; lastKnownFileType = text.plist.strings; name = en; path = en.lproj/InfoPlist.strings; sourceTree = "<group>"; };
		27FE2E2B133979CD0095CCE5 /* Bangla-onkur-Prefix.pch */ = {isa = PBXFileReference; lastKnownFileType = sourcecode.c.h; path = "Bangla-onkur-Prefix.pch"; sourceTree = "<group>"; };
		27FE2E2C133979CD0095CCE5 /* main.m */ = {isa = PBXFileReference; lastKnownFileType = sourcecode.c.objc; path = main.m; sourceTree = "<group>"; };
		27FE2E2F133979CD0095CCE5 /* en */ = {isa = PBXFileReference; lastKnownFileType = text.rtf; name = en; path = en.lproj/Credits.rtf; sourceTree = "<group>"; };
		27FE2E31133979CD0095CCE5 /* Bangla_onkurAppDelegate.h */ = {isa = PBXFileReference; lastKnownFileType = sourcecode.c.h; path = Bangla_onkurAppDelegate.h; sourceTree = "<group>"; };
		27FE2E32133979CD0095CCE5 /* Bangla_onkurAppDelegate.m */ = {isa = PBXFileReference; lastKnownFileType = sourcecode.c.objc; path = Bangla_onkurAppDelegate.m; sourceTree = "<group>"; };
		27FE2E35133979CD0095CCE5 /* en */ = {isa = PBXFileReference; lastKnownFileType = file.xib; name = en; path = en.lproj/MainMenu.xib; sourceTree = "<group>"; };
		27FE2E5313397B140095CCE5 /* Onkur.icns */ = {isa = PBXFileReference; lastKnownFileType = image.icns; name = Onkur.icns; path = ../Onkur.icns; sourceTree = "<group>"; };
		27FE2E59133980910095CCE5 /* OnkurController.h */ = {isa = PBXFileReference; fileEncoding = 4; lastKnownFileType = sourcecode.c.h; path = OnkurController.h; sourceTree = "<group>"; };
		27FE2E5A133980910095CCE5 /* OnkurController.m */ = {isa = PBXFileReference; fileEncoding = 4; lastKnownFileType = sourcecode.c.objc; path = OnkurController.m; sourceTree = "<group>"; };
		27FE2E5B133980910095CCE5 /* RKBorderlessPanel.h */ = {isa = PBXFileReference; fileEncoding = 4; lastKnownFileType = sourcecode.c.h; path = RKBorderlessPanel.h; sourceTree = "<group>"; };
		27FE2E5C133980910095CCE5 /* RKBorderlessPanel.m */ = {isa = PBXFileReference; fileEncoding = 4; lastKnownFileType = sourcecode.c.objc; path = RKBorderlessPanel.m; sourceTree = "<group>"; };
		27FE2E5D133980910095CCE5 /* RKCandidate.h */ = {isa = PBXFileReference; fileEncoding = 4; lastKnownFileType = sourcecode.c.h; path = RKCandidate.h; sourceTree = "<group>"; };
		27FE2E5E133980910095CCE5 /* RKCandidate.m */ = {isa = PBXFileReference; fileEncoding = 4; lastKnownFileType = sourcecode.c.objc; path = RKCandidate.m; sourceTree = "<group>"; };
		27FE2E5F133980910095CCE5 /* RKCandidate.xib */ = {isa = PBXFileReference; fileEncoding = 4; lastKnownFileType = file.xib; path = RKCandidate.xib; sourceTree = "<group>"; };
		27FE2E671339840E0095CCE5 /* InputMethodKit.framework */ = {isa = PBXFileReference; lastKnownFileType = wrapper.framework; name = InputMethodKit.framework; path = System/Library/Frameworks/InputMethodKit.framework; sourceTree = SDKROOT; };
/* End PBXFileReference section */

/* Begin PBXFrameworksBuildPhase section */
		27FE2E18133979CD0095CCE5 /* Frameworks */ = {
			isa = PBXFrameworksBuildPhase;
			buildActionMask = 2147483647;
			files = (
				27FE2E681339840E0095CCE5 /* InputMethodKit.framework in Frameworks */,
				27FE2E20133979CD0095CCE5 /* Cocoa.framework in Frameworks */,
			);
			runOnlyForDeploymentPostprocessing = 0;
		};
/* End PBXFrameworksBuildPhase section */

/* Begin PBXGroup section */
		27FE2E10133979CC0095CCE5 = {
			isa = PBXGroup;
			children = (
				27FE2E25133979CD0095CCE5 /* Bangla-onkur */,
				27FE2E1E133979CD0095CCE5 /* Frameworks */,
				27FE2E1C133979CD0095CCE5 /* Products */,
			);
			sourceTree = "<group>";
		};
		27FE2E1C133979CD0095CCE5 /* Products */ = {
			isa = PBXGroup;
			children = (
				27FE2E1B133979CD0095CCE5 /* Bangla-onkur.app */,
			);
			name = Products;
			sourceTree = "<group>";
		};
		27FE2E1E133979CD0095CCE5 /* Frameworks */ = {
			isa = PBXGroup;
			children = (
				27FE2E671339840E0095CCE5 /* InputMethodKit.framework */,
				27FE2E1F133979CD0095CCE5 /* Cocoa.framework */,
				27FE2E21133979CD0095CCE5 /* Other Frameworks */,
			);
			name = Frameworks;
			sourceTree = "<group>";
		};
		27FE2E21133979CD0095CCE5 /* Other Frameworks */ = {
			isa = PBXGroup;
			children = (
				27FE2E22133979CD0095CCE5 /* AppKit.framework */,
				27FE2E23133979CD0095CCE5 /* CoreData.framework */,
				27FE2E24133979CD0095CCE5 /* Foundation.framework */,
			);
			name = "Other Frameworks";
			sourceTree = "<group>";
		};
		27FE2E25133979CD0095CCE5 /* Bangla-onkur */ = {
			isa = PBXGroup;
			children = (
				2755E2EC1339E18C004F9CE9 /* BanglaPhoneticEngine.h */,
				2755E2ED1339E18C004F9CE9 /* BanglaPhoneticEngine.m */,
				27FE2E59133980910095CCE5 /* OnkurController.h */,
				27FE2E5A133980910095CCE5 /* OnkurController.m */,
				27FE2E5B133980910095CCE5 /* RKBorderlessPanel.h */,
				27FE2E5C133980910095CCE5 /* RKBorderlessPanel.m */,
				27FE2E5D133980910095CCE5 /* RKCandidate.h */,
				27FE2E5E133980910095CCE5 /* RKCandidate.m */,
				27FE2E5F133980910095CCE5 /* RKCandidate.xib */,
				27FE2E31133979CD0095CCE5 /* Bangla_onkurAppDelegate.h */,
				27FE2E32133979CD0095CCE5 /* Bangla_onkurAppDelegate.m */,
				27FE2E34133979CD0095CCE5 /* MainMenu.xib */,
				27FE2E26133979CD0095CCE5 /* Supporting Files */,
			);
			path = "Bangla-onkur";
			sourceTree = "<group>";
		};
		27FE2E26133979CD0095CCE5 /* Supporting Files */ = {
			isa = PBXGroup;
			children = (
				274A6DEC134B0C61001D5DFC /* Lohit_14-04-2007.ttf */,
				27D82B2A133BF45100B0F905 /* License.rtf */,
				275CCAE513399448002072D5 /* Bangla_Language_Resources.plist */,
				27FE2E5313397B140095CCE5 /* Onkur.icns */,
				27FE2E27133979CD0095CCE5 /* Bangla-onkur-Info.plist */,
				27FE2E28133979CD0095CCE5 /* InfoPlist.strings */,
				27FE2E2B133979CD0095CCE5 /* Bangla-onkur-Prefix.pch */,
				27FE2E2C133979CD0095CCE5 /* main.m */,
				27FE2E2E133979CD0095CCE5 /* Credits.rtf */,
			);
			name = "Supporting Files";
			sourceTree = "<group>";
		};
/* End PBXGroup section */

/* Begin PBXNativeTarget section */
		27FE2E1A133979CD0095CCE5 /* Bangla-onkur */ = {
			isa = PBXNativeTarget;
			buildConfigurationList = 27FE2E4D133979CE0095CCE5 /* Build configuration list for PBXNativeTarget "Bangla-onkur" */;
			buildPhases = (
				27FE2E17133979CD0095CCE5 /* Sources */,
				27FE2E18133979CD0095CCE5 /* Frameworks */,
				27FE2E19133979CD0095CCE5 /* Resources */,
			);
			buildRules = (
			);
			dependencies = (
			);
			name = "Bangla-onkur";
			productName = "Bangla-onkur";
			productReference = 27FE2E1B133979CD0095CCE5 /* Bangla-onkur.app */;
			productType = "com.apple.product-type.application";
		};
/* End PBXNativeTarget section */

/* Begin PBXProject section */
		27FE2E12133979CC0095CCE5 /* Project object */ = {
			isa = PBXProject;
			attributes = {
				ORGANIZATIONNAME = "City University London";
			};
			buildConfigurationList = 27FE2E15133979CC0095CCE5 /* Build configuration list for PBXProject "Bangla-onkur" */;
			compatibilityVersion = "Xcode 3.2";
			developmentRegion = English;
			hasScannedForEncodings = 0;
			knownRegions = (
				en,
			);
			mainGroup = 27FE2E10133979CC0095CCE5;
			productRefGroup = 27FE2E1C133979CD0095CCE5 /* Products */;
			projectDirPath = "";
			projectRoot = "";
			targets = (
				27FE2E1A133979CD0095CCE5 /* Bangla-onkur */,
			);
		};
/* End PBXProject section */

/* Begin PBXResourcesBuildPhase section */
		27FE2E19133979CD0095CCE5 /* Resources */ = {
			isa = PBXResourcesBuildPhase;
			buildActionMask = 2147483647;
			files = (
				27FE2E2A133979CD0095CCE5 /* InfoPlist.strings in Resources */,
				27FE2E30133979CD0095CCE5 /* Credits.rtf in Resources */,
				27FE2E36133979CD0095CCE5 /* MainMenu.xib in Resources */,
				27FE2E5413397B140095CCE5 /* Onkur.icns in Resources */,
				27FE2E65133980910095CCE5 /* RKCandidate.xib in Resources */,
				275CCAE613399448002072D5 /* Bangla_Language_Resources.plist in Resources */,
				27D82B2B133BF45100B0F905 /* License.rtf in Resources */,
				274A6DED134B0C61001D5DFC /* Lohit_14-04-2007.ttf in Resources */,
			);
			runOnlyForDeploymentPostprocessing = 0;
		};
/* End PBXResourcesBuildPhase section */

/* Begin PBXSourcesBuildPhase section */
		27FE2E17133979CD0095CCE5 /* Sources */ = {
			isa = PBXSourcesBuildPhase;
			buildActionMask = 2147483647;
			files = (
				27FE2E2D133979CD0095CCE5 /* main.m in Sources */,
				27FE2E33133979CD0095CCE5 /* Bangla_onkurAppDelegate.m in Sources */,
				27FE2E62133980910095CCE5 /* OnkurController.m in Sources */,
				27FE2E63133980910095CCE5 /* RKBorderlessPanel.m in Sources */,
				27FE2E64133980910095CCE5 /* RKCandidate.m in Sources */,
				2755E2EE1339E18C004F9CE9 /* BanglaPhoneticEngine.m in Sources */,
			);
			runOnlyForDeploymentPostprocessing = 0;
		};
/* End PBXSourcesBuildPhase section */

/* Begin PBXVariantGroup section */
		27FE2E28133979CD0095CCE5 /* InfoPlist.strings */ = {
			isa = PBXVariantGroup;
			children = (
				27FE2E29133979CD0095CCE5 /* en */,
			);
			name = InfoPlist.strings;
			sourceTree = "<group>";
		};
		27FE2E2E133979CD0095CCE5 /* Credits.rtf */ = {
			isa = PBXVariantGroup;
			children = (
				27FE2E2F133979CD0095CCE5 /* en */,
			);
			name = Credits.rtf;
			sourceTree = "<group>";
		};
		27FE2E34133979CD0095CCE5 /* MainMenu.xib */ = {
			isa = PBXVariantGroup;
			children = (
				27FE2E35133979CD0095CCE5 /* en */,
			);
			name = MainMenu.xib;
			sourceTree = "<group>";
		};
/* End PBXVariantGroup section */

/* Begin XCBuildConfiguration section */
		27FE2E4B133979CE0095CCE5 /* Debug */ = {
			isa = XCBuildConfiguration;
			buildSettings = {
				ARCHS = "$(ARCHS_STANDARD_32_64_BIT)";
				GCC_C_LANGUAGE_STANDARD = gnu99;
				GCC_OPTIMIZATION_LEVEL = 0;
				GCC_PREPROCESSOR_DEFINITIONS = DEBUG;
				GCC_SYMBOLS_PRIVATE_EXTERN = NO;
				GCC_VERSION = com.apple.compilers.llvm.clang.1_0;
				GCC_WARN_64_TO_32_BIT_CONVERSION = YES;
				GCC_WARN_ABOUT_RETURN_TYPE = YES;
				GCC_WARN_UNUSED_VARIABLE = YES;
				MACOSX_DEPLOYMENT_TARGET = 10.5;
				ONLY_ACTIVE_ARCH = YES;
				SDKROOT = macosx;
			};
			name = Debug;
		};
		27FE2E4C133979CE0095CCE5 /* Release */ = {
			isa = XCBuildConfiguration;
			buildSettings = {
				ARCHS = "$(ARCHS_STANDARD_32_64_BIT)";
				GCC_C_LANGUAGE_STANDARD = gnu99;
				GCC_VERSION = com.apple.compilers.llvm.clang.1_0;
				GCC_WARN_64_TO_32_BIT_CONVERSION = YES;
				GCC_WARN_ABOUT_RETURN_TYPE = YES;
				GCC_WARN_UNUSED_VARIABLE = YES;
				MACOSX_DEPLOYMENT_TARGET = 10.5;
				SDKROOT = macosx;
			};
			name = Release;
		};
		27FE2E4E133979CE0095CCE5 /* Debug */ = {
			isa = XCBuildConfiguration;
			buildSettings = {
				ALWAYS_SEARCH_USER_PATHS = NO;
				COPY_PHASE_STRIP = NO;
				GCC_DYNAMIC_NO_PIC = NO;
				GCC_ENABLE_OBJC_EXCEPTIONS = YES;
				GCC_PRECOMPILE_PREFIX_HEADER = YES;
				GCC_PREFIX_HEADER = "Bangla-onkur/Bangla-onkur-Prefix.pch";
				GCC_VERSION = 4.2;
				INFOPLIST_FILE = "Bangla-onkur/Bangla-onkur-Info.plist";
				MACOSX_DEPLOYMENT_TARGET = 10.5;
				PRODUCT_NAME = "$(TARGET_NAME)";
				WRAPPER_EXTENSION = app;
			};
			name = Debug;
		};
		27FE2E4F133979CE0095CCE5 /* Release */ = {
			isa = XCBuildConfiguration;
			buildSettings = {
				ALWAYS_SEARCH_USER_PATHS = NO;
				COPY_PHASE_STRIP = YES;
				DEBUG_INFORMATION_FORMAT = "dwarf-with-dsym";
				GCC_ENABLE_OBJC_EXCEPTIONS = YES;
				GCC_PRECOMPILE_PREFIX_HEADER = YES;
				GCC_PREFIX_HEADER = "Bangla-onkur/Bangla-onkur-Prefix.pch";
				GCC_VERSION = 4.2;
				INFOPLIST_FILE = "Bangla-onkur/Bangla-onkur-Info.plist";
				MACOSX_DEPLOYMENT_TARGET = 10.5;
				PRODUCT_NAME = "$(TARGET_NAME)";
				WRAPPER_EXTENSION = app;
			};
			name = Release;
		};
/* End XCBuildConfiguration section */

/* Begin XCConfigurationList section */
		27FE2E15133979CC0095CCE5 /* Build configuration list for PBXProject "Bangla-onkur" */ = {
			isa = XCConfigurationList;
			buildConfigurations = (
				27FE2E4B133979CE0095CCE5 /* Debug */,
				27FE2E4C133979CE0095CCE5 /* Release */,
			);
			defaultConfigurationIsVisible = 0;
			defaultConfigurationName = Release;
		};
		27FE2E4D133979CE0095CCE5 /* Build configuration list for PBXNativeTarget "Bangla-onkur" */ = {
			isa = XCConfigurationList;
			buildConfigurations = (
				27FE2E4E133979CE0095CCE5 /* Debug */,
				27FE2E4F133979CE0095CCE5 /* Release */,
			);
			defaultConfigurationIsVisible = 0;
			defaultConfigurationName = Release;
		};
/* End XCConfigurationList section */
	};
	rootObject = 27FE2E12133979CC0095CCE5 /* Project object */;
}
